
Microsoft Visual Studio Solution File, Format Version 12.00
# Visual Studio Version 17
VisualStudioVersion = 17.14.37411.7 d17.14
MinimumVisualStudioVersion = 10.0.40219.1
Project("{FAE04EC0-301F-11D3-BF4B-00C04F79EFBC}") = "AspNetCoreDIDemo", "AspNetCoreDIDemo.csproj", "{219A20B2-D7FE-47E7-87D8-7584D445F638}"
EndProject
Global
	GlobalSection(SolutionConfigurationPlatforms) = preSolution
		Debug|Any CPU = Debug|Any CPU
		Release|Any CPU = Release|Any CPU
	EndGlobalSection
	GlobalSection(ProjectConfigurationPlatforms) = postSolution
		{219A20B2-D7FE-47E7-87D8-7584D445F638}.Debug|Any CPU.ActiveCfg = Debug|Any CPU
		{219A20B2-D7FE-47E7-87D8-7584D445F638}.Debug|Any CPU.Build.0 = Debug|Any CPU
		{219A20B2-D7FE-47E7-87D8-7584D445F638}.Release|Any CPU.ActiveCfg = Release|Any CPU
		{219A20B2-D7FE-47E7-87D8-7584D445F638}.Release|Any CPU.Build.0 = Release|Any CPU
	EndGlobalSection
	GlobalSection(SolutionProperties) = preSolution
		HideSolutionNode = FALSE
	EndGlobalSection
	GlobalSection(ExtensibilityGlobals) = postSolution
		SolutionGuid = {9B780BB1-B2BA-435D-9499-D6605A9C89D2}
	EndGlobalSection
EndGlobal
